
Microsoft Visual Studio Solution File, Format Version 12.00
# Visual Studio Version 17
VisualStudioVersion = 17.3.32825.248
MinimumVisualStudioVersion = 10.0.40219.1
Project("{FAE04EC0-301F-11D3-BF4B-00C04F79EFBC}") = "OptiRest.API", "OptiRest.API\OptiRest.API.csproj", "{5A55AEC1-A5CF-4CA7-B633-83C7A478B1DF}"
EndProject
Global
	GlobalSection(SolutionConfigurationPlatforms) = preSolution
		Debug|Any CPU = Debug|Any CPU
		Release|Any CPU = Release|Any CPU
	EndGlobalSection
	GlobalSection(ProjectConfigurationPlatforms) = postSolution
		{5A55AEC1-A5CF-4CA7-B633-83C7A478B1DF}.Debug|Any CPU.ActiveCfg = Debug|Any CPU
		{5A55AEC1-A5CF-4CA7-B633-83C7A478B1DF}.Debug|Any CPU.Build.0 = Debug|Any CPU
		{5A55AEC1-A5CF-4CA7-B633-83C7A478B1DF}.Release|Any CPU.ActiveCfg = Release|Any CPU
		{5A55AEC1-A5CF-4CA7-B633-83C7A478B1DF}.Release|Any CPU.Build.0 = Release|Any CPU
	EndGlobalSection
	GlobalSection(SolutionProperties) = preSolution
		HideSolutionNode = FALSE
	EndGlobalSection
	GlobalSection(ExtensibilityGlobals) = postSolution
		SolutionGuid = {3CBADA4D-C02B-4B55-85B6-2DA5C3F85CFE}
	EndGlobalSection
EndGlobal
